
Microsoft Visual Studio Solution File, Format Version 12.00
Project("{FAE04EC0-301F-11D3-BF4B-00C04F79EFBC}") = "WEB", "WEB\WEB.csproj", "{04A3CDC9-258E-4532-BBF7-78E6772E5CC8}"
EndProject
Project("{FAE04EC0-301F-11D3-BF4B-00C04F79EFBC}") = "UTIL", "UTIL\UTIL.csproj", "{1C0C6387-0492-4B2C-9ADC-C86374C87077}"
EndProject
Project("{FAE04EC0-301F-11D3-BF4B-00C04F79EFBC}") = "DAL", "DAL\DAL.csproj", "{7ED2D5D1-6038-4A7D-A008-BBF77983E75E}"
EndProject
Project("{FAE04EC0-301F-11D3-BF4B-00C04F79EFBC}") = "DTO", "DTO\DTO.csproj", "{7FF79994-F40D-4CE4-97E8-148CC35CEE22}"
EndProject
Project("{FAE04EC0-301F-11D3-BF4B-00C04F79EFBC}") = "BLL", "BLL\BLL.csproj", "{554C98AA-8FE6-474C-A30F-FE5FDBBE0283}"
EndProject
Global
	GlobalSection(SolutionConfigurationPlatforms) = preSolution
		Debug|Any CPU = Debug|Any CPU
		Release|Any CPU = Release|Any CPU
	EndGlobalSection
	GlobalSection(ProjectConfigurationPlatforms) = postSolution
		{04A3CDC9-258E-4532-BBF7-78E6772E5CC8}.Debug|Any CPU.ActiveCfg = Debug|Any CPU
		{04A3CDC9-258E-4532-BBF7-78E6772E5CC8}.Debug|Any CPU.Build.0 = Debug|Any CPU
		{04A3CDC9-258E-4532-BBF7-78E6772E5CC8}.Release|Any CPU.ActiveCfg = Release|Any CPU
		{04A3CDC9-258E-4532-BBF7-78E6772E5CC8}.Release|Any CPU.Build.0 = Release|Any CPU
		{04A3CDC9-258E-4532-BBF7-78E6772E5CC8}.Debug|Any CPU.Deploy.0 = Debug|Any CPU
		{1C0C6387-0492-4B2C-9ADC-C86374C87077}.Debug|Any CPU.ActiveCfg = Debug|Any CPU
		{1C0C6387-0492-4B2C-9ADC-C86374C87077}.Debug|Any CPU.Build.0 = Debug|Any CPU
		{1C0C6387-0492-4B2C-9ADC-C86374C87077}.Release|Any CPU.ActiveCfg = Release|Any CPU
		{1C0C6387-0492-4B2C-9ADC-C86374C87077}.Release|Any CPU.Build.0 = Release|Any CPU
		{1C0C6387-0492-4B2C-9ADC-C86374C87077}.Debug|Any CPU.Deploy.0 = Debug|Any CPU
		{7ED2D5D1-6038-4A7D-A008-BBF77983E75E}.Debug|Any CPU.ActiveCfg = Debug|Any CPU
		{7ED2D5D1-6038-4A7D-A008-BBF77983E75E}.Debug|Any CPU.Build.0 = Debug|Any CPU
		{7ED2D5D1-6038-4A7D-A008-BBF77983E75E}.Release|Any CPU.ActiveCfg = Release|Any CPU
		{7ED2D5D1-6038-4A7D-A008-BBF77983E75E}.Release|Any CPU.Build.0 = Release|Any CPU
		{7ED2D5D1-6038-4A7D-A008-BBF77983E75E}.Debug|Any CPU.Deploy.0 = Debug|Any CPU
		{7FF79994-F40D-4CE4-97E8-148CC35CEE22}.Debug|Any CPU.ActiveCfg = Debug|Any CPU
		{7FF79994-F40D-4CE4-97E8-148CC35CEE22}.Debug|Any CPU.Build.0 = Debug|Any CPU
		{7FF79994-F40D-4CE4-97E8-148CC35CEE22}.Release|Any CPU.ActiveCfg = Release|Any CPU
		{7FF79994-F40D-4CE4-97E8-148CC35CEE22}.Release|Any CPU.Build.0 = Release|Any CPU
		{7FF79994-F40D-4CE4-97E8-148CC35CEE22}.Debug|Any CPU.Deploy.0 = Debug|Any CPU
		{554C98AA-8FE6-474C-A30F-FE5FDBBE0283}.Debug|Any CPU.ActiveCfg = Debug|Any CPU
		{554C98AA-8FE6-474C-A30F-FE5FDBBE0283}.Debug|Any CPU.Build.0 = Debug|Any CPU
		{554C98AA-8FE6-474C-A30F-FE5FDBBE0283}.Release|Any CPU.ActiveCfg = Release|Any CPU
		{554C98AA-8FE6-474C-A30F-FE5FDBBE0283}.Release|Any CPU.Build.0 = Release|Any CPU
		{554C98AA-8FE6-474C-A30F-FE5FDBBE0283}.Debug|Any CPU.Deploy.0 = Debug|Any CPU
	EndGlobalSection
EndGlobal
