
Microsoft Visual Studio Solution File, Format Version 12.00
Project("{FAE04EC0-301F-11D3-BF4B-00C04F79EFBC}") = "WEB", "WEB\WEB.csproj", "{04A3CDC9-258E-4532-BBF7-78E6772E5CC8}"
EndProject
Project("{FAE04EC0-301F-11D3-BF4B-00C04F79EFBC}") = "UTIL", "UTIL\UTIL.csproj", "{1C0C6387-0492-4B2C-9ADC-C86374C87077}"
EndProject
Project("{FAE04EC0-301F-11D3-BF4B-00C04F79EFBC}") = "HOMOLOG", "HOMOLOG\HOMOLOG.csproj", "{F327995E-7476-459B-A87F-F47B4A3F6BBE}"
EndProject
Global
	GlobalSection(SolutionConfigurationPlatforms) = preSolution
		Debug|Any CPU = Debug|Any CPU
		Release|Any CPU = Release|Any CPU
	EndGlobalSection
	GlobalSection(ProjectConfigurationPlatforms) = postSolution
		{04A3CDC9-258E-4532-BBF7-78E6772E5CC8}.Debug|Any CPU.ActiveCfg = Debug|Any CPU
		{04A3CDC9-258E-4532-BBF7-78E6772E5CC8}.Debug|Any CPU.Build.0 = Debug|Any CPU
		{04A3CDC9-258E-4532-BBF7-78E6772E5CC8}.Release|Any CPU.ActiveCfg = Release|Any CPU
		{04A3CDC9-258E-4532-BBF7-78E6772E5CC8}.Release|Any CPU.Build.0 = Release|Any CPU
		{1C0C6387-0492-4B2C-9ADC-C86374C87077}.Debug|Any CPU.ActiveCfg = Debug|Any CPU
		{1C0C6387-0492-4B2C-9ADC-C86374C87077}.Debug|Any CPU.Build.0 = Debug|Any CPU
		{1C0C6387-0492-4B2C-9ADC-C86374C87077}.Release|Any CPU.ActiveCfg = Release|Any CPU
		{1C0C6387-0492-4B2C-9ADC-C86374C87077}.Release|Any CPU.Build.0 = Release|Any CPU
		{F327995E-7476-459B-A87F-F47B4A3F6BBE}.Debug|Any CPU.ActiveCfg = Debug|Any CPU
		{F327995E-7476-459B-A87F-F47B4A3F6BBE}.Debug|Any CPU.Build.0 = Debug|Any CPU
		{F327995E-7476-459B-A87F-F47B4A3F6BBE}.Release|Any CPU.ActiveCfg = Release|Any CPU
		{F327995E-7476-459B-A87F-F47B4A3F6BBE}.Release|Any CPU.Build.0 = Release|Any CPU
	EndGlobalSection
EndGlobal
